
Microsoft Visual Studio Solution File, Format Version 12.00
# Visual Studio Version 17
VisualStudioVersion = 17.11.35208.52
MinimumVisualStudioVersion = 10.0.40219.1
Project("{FAE04EC0-301F-11D3-BF4B-00C04F79EFBC}") = "StocksApp", "StocksApp\StocksApp.csproj", "{FDFFFFE7-91DB-47DE-B477-1A3B547D839A}"
EndProject
Global
	GlobalSection(SolutionConfigurationPlatforms) = preSolution
		Debug|Any CPU = Debug|Any CPU
		Release|Any CPU = Release|Any CPU
	EndGlobalSection
	GlobalSection(ProjectConfigurationPlatforms) = postSolution
		{FDFFFFE7-91DB-47DE-B477-1A3B547D839A}.Debug|Any CPU.ActiveCfg = Debug|Any CPU
		{FDFFFFE7-91DB-47DE-B477-1A3B547D839A}.Debug|Any CPU.Build.0 = Debug|Any CPU
		{FDFFFFE7-91DB-47DE-B477-1A3B547D839A}.Release|Any CPU.ActiveCfg = Release|Any CPU
		{FDFFFFE7-91DB-47DE-B477-1A3B547D839A}.Release|Any CPU.Build.0 = Release|Any CPU
	EndGlobalSection
	GlobalSection(SolutionProperties) = preSolution
		HideSolutionNode = FALSE
	EndGlobalSection
	GlobalSection(ExtensibilityGlobals) = postSolution
		SolutionGuid = {0052A402-BDD3-4D53-8BA6-A58924EDB6DA}
	EndGlobalSection
EndGlobal
